
Microsoft Visual Studio Solution File, Format Version 12.00
# Visual Studio Version 16
VisualStudioVersion = 16.0.30225.117
MinimumVisualStudioVersion = 10.0.40219.1
Project("{FAE04EC0-301F-11D3-BF4B-00C04F79EFBC}") = "LGEDemoWASM", "LGEDemoWASM.csproj", "{D905388D-D398-4267-9683-6D53DE2753FC}"
EndProject
Global
	GlobalSection(SolutionConfigurationPlatforms) = preSolution
		Debug|Any CPU = Debug|Any CPU
		Release|Any CPU = Release|Any CPU
	EndGlobalSection
	GlobalSection(ProjectConfigurationPlatforms) = postSolution
		{D905388D-D398-4267-9683-6D53DE2753FC}.Debug|Any CPU.ActiveCfg = Debug|Any CPU
		{D905388D-D398-4267-9683-6D53DE2753FC}.Debug|Any CPU.Build.0 = Debug|Any CPU
		{D905388D-D398-4267-9683-6D53DE2753FC}.Release|Any CPU.ActiveCfg = Release|Any CPU
		{D905388D-D398-4267-9683-6D53DE2753FC}.Release|Any CPU.Build.0 = Release|Any CPU
	EndGlobalSection
	GlobalSection(SolutionProperties) = preSolution
		HideSolutionNode = FALSE
	EndGlobalSection
	GlobalSection(ExtensibilityGlobals) = postSolution
		SolutionGuid = {64FA04E9-6CB0-4FE9-A905-C508ECF866C0}
	EndGlobalSection
EndGlobal
